
Microsoft Visual Studio Solution File, Format Version 12.00
# Visual Studio 15
VisualStudioVersion = 15.0.27130.2024
MinimumVisualStudioVersion = 10.0.40219.1
Project("{F184B08F-C81C-45F6-A57F-5ABD9991F28F}") = "SkyEditor.UI.WPF", "SkyEditor.UI.WPF\SkyEditor.UI.WPF.vbproj", "{00AFCE08-71B5-4BF9-9155-C017F8151419}"
EndProject
Project("{F184B08F-C81C-45F6-A57F-5ABD9991F28F}") = "Sky Editor", "Sky Editor\Sky Editor.vbproj", "{ED0EDBEC-9CEF-4645-B8CB-855D7377BFC2}"
EndProject
Project("{2150E333-8FDC-42A3-9474-1A3956D46DE8}") = "Tests", "Tests", "{4EA8B18A-1759-41CA-97C1-E2C159AF02B4}"
EndProject
Project("{F184B08F-C81C-45F6-A57F-5ABD9991F28F}") = "SkyEditor.UI.WPF.Tests", "Tests\SkyEditor.UI.WPF.Tests\SkyEditor.UI.WPF.Tests.vbproj", "{410DEA3F-13E4-4E7D-B3EC-B92BA44C1F4A}"
EndProject
Project("{F184B08F-C81C-45F6-A57F-5ABD9991F28F}") = "ManualTestingForm", "Tests\ManualTestingForm\ManualTestingForm.vbproj", "{76B2C200-B975-453A-8D06-CBF9AFE7D96E}"
EndProject
Global
	GlobalSection(SolutionConfigurationPlatforms) = preSolution
		Debug|Any CPU = Debug|Any CPU
		Release|Any CPU = Release|Any CPU
	EndGlobalSection
	GlobalSection(ProjectConfigurationPlatforms) = postSolution
		{00AFCE08-71B5-4BF9-9155-C017F8151419}.Debug|Any CPU.ActiveCfg = Debug|Any CPU
		{00AFCE08-71B5-4BF9-9155-C017F8151419}.Debug|Any CPU.Build.0 = Debug|Any CPU
		{00AFCE08-71B5-4BF9-9155-C017F8151419}.Release|Any CPU.ActiveCfg = Release|Any CPU
		{00AFCE08-71B5-4BF9-9155-C017F8151419}.Release|Any CPU.Build.0 = Release|Any CPU
		{ED0EDBEC-9CEF-4645-B8CB-855D7377BFC2}.Debug|Any CPU.ActiveCfg = Debug|Any CPU
		{ED0EDBEC-9CEF-4645-B8CB-855D7377BFC2}.Debug|Any CPU.Build.0 = Debug|Any CPU
		{ED0EDBEC-9CEF-4645-B8CB-855D7377BFC2}.Release|Any CPU.ActiveCfg = Release|Any CPU
		{ED0EDBEC-9CEF-4645-B8CB-855D7377BFC2}.Release|Any CPU.Build.0 = Release|Any CPU
		{410DEA3F-13E4-4E7D-B3EC-B92BA44C1F4A}.Debug|Any CPU.ActiveCfg = Debug|Any CPU
		{410DEA3F-13E4-4E7D-B3EC-B92BA44C1F4A}.Debug|Any CPU.Build.0 = Debug|Any CPU
		{410DEA3F-13E4-4E7D-B3EC-B92BA44C1F4A}.Release|Any CPU.ActiveCfg = Release|Any CPU
		{410DEA3F-13E4-4E7D-B3EC-B92BA44C1F4A}.Release|Any CPU.Build.0 = Release|Any CPU
		{76B2C200-B975-453A-8D06-CBF9AFE7D96E}.Debug|Any CPU.ActiveCfg = Debug|Any CPU
		{76B2C200-B975-453A-8D06-CBF9AFE7D96E}.Debug|Any CPU.Build.0 = Debug|Any CPU
		{76B2C200-B975-453A-8D06-CBF9AFE7D96E}.Release|Any CPU.ActiveCfg = Release|Any CPU
		{76B2C200-B975-453A-8D06-CBF9AFE7D96E}.Release|Any CPU.Build.0 = Release|Any CPU
	EndGlobalSection
	GlobalSection(SolutionProperties) = preSolution
		HideSolutionNode = FALSE
	EndGlobalSection
	GlobalSection(NestedProjects) = preSolution
		{410DEA3F-13E4-4E7D-B3EC-B92BA44C1F4A} = {4EA8B18A-1759-41CA-97C1-E2C159AF02B4}
		{76B2C200-B975-453A-8D06-CBF9AFE7D96E} = {4EA8B18A-1759-41CA-97C1-E2C159AF02B4}
	EndGlobalSection
	GlobalSection(ExtensibilityGlobals) = postSolution
		SolutionGuid = {BF13491D-B028-4FDA-8BD6-5EFB43373650}
	EndGlobalSection
EndGlobal
